{
  "name": "weight",
  "version": "1.0.0",
  "lockfileVersion": 3,
  "requires": true,
  "packages": {
    "": {
      "name": "weight",
      "version": "1.0.0",
      "license": "ISC",
      "dependencies": {
        "@cloudfour/elastic-textarea": "^1.0.7",
        "@jon49/sw": "^0.12.0",
        "@jon49/web": "^0.4.0",
        "@ungap/custom-elements": "^1.3.0",
        "form-subscribe": "^0.1.0",
        "html-form": "^0.9.1",
        "html-template-tag-stream": "^3.0.0",
        "idb-keyval": "^6.2.1",
        "promise-validation": "^4.0.1",
        "simple-input-formatter": "^0.3.6"
      },
      "devDependencies": {
        "typescript": "^5.3.3"
      }
    },
    "node_modules/@cloudfour/elastic-textarea": {
      "version": "1.0.7",
      "resolved": "https://registry.npmjs.org/@cloudfour/elastic-textarea/-/elastic-textarea-1.0.7.tgz",
      "integrity": "sha512-z4fX529t8Fn4HCogl5N2MbIBJyhoJ3juKIBuKjYAzdJmNLhKzK3f8mSDgs3919nkpnlrf5ORVlfSF6OjRiuEXQ=="
    },
    "node_modules/@jon49/sw": {
      "version": "0.12.0",
      "resolved": "https://registry.npmjs.org/@jon49/sw/-/sw-0.12.0.tgz",
      "integrity": "sha512-c/sdqtv3S1Wgaj/ND7QMHNo7Doki5YtzAJxVRhe9oFcXFSv1Kw86ubWIZ81jQph+vk6qdSSKoiQePGQUyeFJMQ==",
      "license": "ISC",
      "dependencies": {
        "idb-keyval": "^6.2.1"
      }
    },
    "node_modules/@jon49/web": {
      "version": "0.4.0",
      "resolved": "https://registry.npmjs.org/@jon49/web/-/web-0.4.0.tgz",
      "integrity": "sha512-IRm1vxBlj+G/lxC3bwHi/7xyAT/h3ky1FDoETLCw9NakY3Cf93iagH5hi3yTvYdZNPAmPUE5APp88osL443SUQ=="
    },
    "node_modules/@ungap/custom-elements": {
      "version": "1.3.0",
      "resolved": "https://registry.npmjs.org/@ungap/custom-elements/-/custom-elements-1.3.0.tgz",
      "integrity": "sha512-f4q/s76+8nOy+fhrNHyetuoPDR01lmlZB5czfCG+OOnBw/Wf+x48DcCDPmMQY7oL8xYFL8qfenMoiS8DUkKBUw=="
    },
    "node_modules/form-subscribe": {
      "version": "0.1.0",
      "resolved": "https://registry.npmjs.org/form-subscribe/-/form-subscribe-0.1.0.tgz",
      "integrity": "sha512-0SGSxZHit4BuolLWvtfajQVA9cZ9Cio9atXA2Sat8xw04LALUHkv33GFPWgR7YDrQZ+HPlEq+hUxKSuBkBegvw=="
    },
    "node_modules/html-form": {
      "version": "0.9.1",
      "resolved": "https://registry.npmjs.org/html-form/-/html-form-0.9.1.tgz",
      "integrity": "sha512-xtpBLAAQB0eKsFWjnRGHfPNrgOnWckHiwVNzxyxetKFcyV6iqB6qMC62bX4sjz5EmRE/q2+iIsGtpK/jZVtGUQ==",
      "dependencies": {
        "html-template-tag-stream": "^1.1.2",
        "idb-keyval": "^6.2.1",
        "todomvc-app-css": "^2.0.0",
        "todomvc-common": "^1.0.0"
      }
    },
    "node_modules/html-form/node_modules/html-template-tag-stream": {
      "version": "1.1.2",
      "resolved": "https://registry.npmjs.org/html-template-tag-stream/-/html-template-tag-stream-1.1.2.tgz",
      "integrity": "sha512-N5ded4BYfawjvw69OO7ea43SyL9JyU6gWrKHmz2nJNsJh0UDbDMF1GBrvPsFOQ+mjVrsCsYKkTVCfZDnl4krfQ=="
    },
    "node_modules/html-template-tag-stream": {
      "version": "3.0.0",
      "resolved": "https://registry.npmjs.org/html-template-tag-stream/-/html-template-tag-stream-3.0.0.tgz",
      "integrity": "sha512-wKdYj3cCplMqyjbLFTDRe17ccn4kNaKXZmTDYbAgBAPl/+TPzQDesj0cbfyPS8JEdTkNZAkpdgZBe7/L4c614g=="
    },
    "node_modules/idb-keyval": {
      "version": "6.2.1",
      "resolved": "https://registry.npmjs.org/idb-keyval/-/idb-keyval-6.2.1.tgz",
      "integrity": "sha512-8Sb3veuYCyrZL+VBt9LJfZjLUPWVvqn8tG28VqYNFCo43KHcKuq+b4EiXGeuaLAQWL2YmyDgMp2aSpH9JHsEQg=="
    },
    "node_modules/promise-validation": {
      "version": "4.0.1",
      "resolved": "https://registry.npmjs.org/promise-validation/-/promise-validation-4.0.1.tgz",
      "integrity": "sha512-borCAHiSJjxzAixTbBNIFUTyDlriDmZ3rIqcUX59j7DVqUkJ3Skktzq/KTjVqFJzk4XKHFVJ0BXVO+UP+eipNQ==",
      "dependencies": {
        "typescript": "^5.0.4"
      }
    },
    "node_modules/simple-input-formatter": {
      "version": "0.3.6",
      "resolved": "https://registry.npmjs.org/simple-input-formatter/-/simple-input-formatter-0.3.6.tgz",
      "integrity": "sha512-BxvtBuUNb+t28t5j5QFfylkB86G1xw0H91xaQHSmxp7mVIoURNh2XUHwWeSreBxAD2eJgPPtUo4lJx5sRDkdyA=="
    },
    "node_modules/todomvc-app-css": {
      "version": "2.4.3",
      "resolved": "https://registry.npmjs.org/todomvc-app-css/-/todomvc-app-css-2.4.3.tgz",
      "integrity": "sha512-mSnWZaKBWj9aQcFRsGguY/a8O8NR8GmecD48yU1rzwNemgZa/INLpIsxxMiToFGVth+uEKBrQ7IhWkaXZxwq5Q==",
      "engines": {
        "node": ">=4"
      }
    },
    "node_modules/todomvc-common": {
      "version": "1.0.5",
      "resolved": "https://registry.npmjs.org/todomvc-common/-/todomvc-common-1.0.5.tgz",
      "integrity": "sha512-D8kEJmxVMQIWwztEdH+WeiAfXRbbSCpgXq4NkYi+gduJ2tr8CNq7sYLfJvjpQ10KD9QxJwig57rvMbV2QAESwQ=="
    },
    "node_modules/typescript": {
      "version": "5.4.3",
      "resolved": "https://registry.npmjs.org/typescript/-/typescript-5.4.3.tgz",
      "integrity": "sha512-KrPd3PKaCLr78MalgiwJnA25Nm8HAmdwN3mYUYZgG/wizIo9EainNVQI9/yDavtVFRN2h3k8uf3GLHuhDMgEHg==",
      "bin": {
        "tsc": "bin/tsc",
        "tsserver": "bin/tsserver"
      },
      "engines": {
        "node": ">=14.17"
      }
    }
  }
}
